
Microsoft Visual Studio Solution File, Format Version 12.00
# Visual Studio Version 16
VisualStudioVersion = 16.0.29728.190
MinimumVisualStudioVersion = 10.0.40219.1
Project("{9A19103F-16F7-4668-BE54-9A1E7A4F7556}") = "YourDreamCar", "YourDreamCar\YourDreamCar.csproj", "{76C26149-5722-4385-B60B-10EE4B23F4A0}"
EndProject
Project("{FAE04EC0-301F-11D3-BF4B-00C04F79EFBC}") = "YourDreamCarDAL", "YourDreamCarDAL\YourDreamCarDAL.csproj", "{4C8B08DF-510B-430F-84DF-7363DDE0D755}"
EndProject
Global
	GlobalSection(SolutionConfigurationPlatforms) = preSolution
		Debug|Any CPU = Debug|Any CPU
		Release|Any CPU = Release|Any CPU
	EndGlobalSection
	GlobalSection(ProjectConfigurationPlatforms) = postSolution
		{76C26149-5722-4385-B60B-10EE4B23F4A0}.Debug|Any CPU.ActiveCfg = Debug|Any CPU
		{76C26149-5722-4385-B60B-10EE4B23F4A0}.Debug|Any CPU.Build.0 = Debug|Any CPU
		{76C26149-5722-4385-B60B-10EE4B23F4A0}.Release|Any CPU.ActiveCfg = Release|Any CPU
		{76C26149-5722-4385-B60B-10EE4B23F4A0}.Release|Any CPU.Build.0 = Release|Any CPU
		{4C8B08DF-510B-430F-84DF-7363DDE0D755}.Debug|Any CPU.ActiveCfg = Debug|Any CPU
		{4C8B08DF-510B-430F-84DF-7363DDE0D755}.Debug|Any CPU.Build.0 = Debug|Any CPU
		{4C8B08DF-510B-430F-84DF-7363DDE0D755}.Release|Any CPU.ActiveCfg = Release|Any CPU
		{4C8B08DF-510B-430F-84DF-7363DDE0D755}.Release|Any CPU.Build.0 = Release|Any CPU
	EndGlobalSection
	GlobalSection(SolutionProperties) = preSolution
		HideSolutionNode = FALSE
	EndGlobalSection
	GlobalSection(ExtensibilityGlobals) = postSolution
		SolutionGuid = {62DAADBD-8DA3-49ED-BF33-E03FE6927D6F}
	EndGlobalSection
EndGlobal
